
Microsoft Visual Studio Solution File, Format Version 12.00
# Visual Studio Version 17
VisualStudioVersion = 17.10.35027.167
MinimumVisualStudioVersion = 10.0.40219.1
Project("{FAE04EC0-301F-11D3-BF4B-00C04F79EFBC}") = "TeoriaDosNumerosTrab", "TeoriaDosNumerosTrab.csproj", "{2C5AF6BD-9C17-42E9-95F0-CDB717BA4A3F}"
EndProject
Global
	GlobalSection(SolutionConfigurationPlatforms) = preSolution
		Debug|Any CPU = Debug|Any CPU
		Release|Any CPU = Release|Any CPU
	EndGlobalSection
	GlobalSection(ProjectConfigurationPlatforms) = postSolution
		{2C5AF6BD-9C17-42E9-95F0-CDB717BA4A3F}.Debug|Any CPU.ActiveCfg = Debug|Any CPU
		{2C5AF6BD-9C17-42E9-95F0-CDB717BA4A3F}.Debug|Any CPU.Build.0 = Debug|Any CPU
		{2C5AF6BD-9C17-42E9-95F0-CDB717BA4A3F}.Release|Any CPU.ActiveCfg = Release|Any CPU
		{2C5AF6BD-9C17-42E9-95F0-CDB717BA4A3F}.Release|Any CPU.Build.0 = Release|Any CPU
	EndGlobalSection
	GlobalSection(SolutionProperties) = preSolution
		HideSolutionNode = FALSE
	EndGlobalSection
	GlobalSection(ExtensibilityGlobals) = postSolution
		SolutionGuid = {F44F26BC-C1C7-474F-8D38-3A4B7D18CE51}
	EndGlobalSection
EndGlobal
